# This file is @generated by PDM.
# It is not intended for manual editing.

[metadata]
groups = ["default"]
strategy = ["cross_platform"]
lock_version = "4.4"
content_hash = "sha256:1f9578d97191c73037129ec4e211c1d147221e622b4f8ff3e4fc5cee279162da"

[[package]]
name = "cadquery"
version = "2.3.1"
requires_python = ">=3.8"
summary = "CadQuery is a parametric  scripting language for creating and traversing CAD models"
dependencies = [
    "cadquery-ocp<7.8,>=7.7.0a0",
    "casadi",
    "ezdxf",
    "multimethod<2.0,>=1.7",
    "nlopt",
    "nptyping==2.0.1",
    "path",
    "typish",
]
files = [
    {file = "cadquery-2.3.1-py3-none-any.whl", hash = "sha256:2bdd3cc37639c5a9485d394d081334769c2b9e2fee6a42c0ca53e64fd9ff6a8d"},
    {file = "cadquery-2.3.1.tar.gz", hash = "sha256:eb28dfe8e003fc0663391d1d8f51bf5dab091facdded46cfb3d919676eefcd36"},
]

[[package]]
name = "cadquery-ocp"
version = "7.7.1"
summary = "OCP+VTK wheel with shared library dependencies bundled."
files = [
    {file = "cadquery_ocp-7.7.1-cp310-cp310-macosx_10_9_x86_64.whl", hash = "sha256:5fd11c49a49fbd93782c4b8f871f631c35df363d7df0181e423559869cad2d69"},
    {file = "cadquery_ocp-7.7.1-cp310-cp310-manylinux_2_35_x86_64.whl", hash = "sha256:efc52b7503c28d25b224249b453886aa98ef4a03b9426fe96e8dac56340a074d"},
    {file = "cadquery_ocp-7.7.1-cp310-cp310-win_amd64.whl", hash = "sha256:e053f2520115cdd7c0d3006bd445887256ce14d0d787d0b622ff1409cbff24f1"},
    {file = "cadquery_ocp-7.7.1-cp311-cp311-macosx_10_9_x86_64.whl", hash = "sha256:6c10138a5e5ae48b414b7316ac76678cc8dd1d659ef542a3b7609d25cfc6b277"},
    {file = "cadquery_ocp-7.7.1-cp311-cp311-manylinux_2_35_x86_64.whl", hash = "sha256:83457789a3045f1c9ab4ee9d00b7169433e567705256637625c2620648029e4d"},
    {file = "cadquery_ocp-7.7.1-cp311-cp311-win_amd64.whl", hash = "sha256:14597a8b4b10f711c6a7f2eb8e4dd85b25586b0206c773a37c2d0a3c34c7172b"},
]

[[package]]
name = "casadi"
version = "3.6.3"
summary = "CasADi -- framework for algorithmic differentiation and numeric optimization"
dependencies = [
    "numpy",
]
files = [
    {file = "casadi-3.6.3-cp310-none-macosx_10_13_x86_64.macosx_10_13_intel.whl", hash = "sha256:9c8d360ee80dd65c0c7625e3dccfabdd6e78629a754fb28f6fd77e3d4893dc80"},
    {file = "casadi-3.6.3-cp310-none-macosx_11_0_arm64.whl", hash = "sha256:a74cf436d42adf69d5ea16ba13d95f40585e148e856d00553f96740704fe2a03"},
    {file = "casadi-3.6.3-cp310-none-manylinux2014_aarch64.whl", hash = "sha256:1995029b4f11d492cb5277645534bdd377340eaabe51dba3c6d9ed3a25f83f4c"},
    {file = "casadi-3.6.3-cp310-none-manylinux2014_i686.whl", hash = "sha256:501ac40357dae0d224499f1b41b7d409703137ac7c8c1bcbb26444cff9d00de3"},
    {file = "casadi-3.6.3-cp310-none-manylinux2014_x86_64.whl", hash = "sha256:d86511c92f09fa464937098bb47b5cdfd07952a0a2b236938b9370537e4532d6"},
    {file = "casadi-3.6.3-cp310-none-win_amd64.whl", hash = "sha256:4d41d07a9a4c1cd9aa55a43ffe8921721dc5937b124075e903b4c0948e5dcb9b"},
    {file = "casadi-3.6.3-cp311-none-macosx_10_13_x86_64.macosx_10_13_intel.whl", hash = "sha256:9a2aab9799e8a597b737c8ebbde6fce9cad6177d51fef8f73310d429e4b76cb4"},
    {file = "casadi-3.6.3-cp311-none-macosx_11_0_arm64.whl", hash = "sha256:55cff88af39c486895d5d6ec3c1862050dbd51ca879df81be1b1c86cb97e9115"},
    {file = "casadi-3.6.3-cp311-none-manylinux2014_aarch64.whl", hash = "sha256:387e4832a6b98ecf71d7c6ceb129ca7bfe120dd6705162aecee70df13bd8cb62"},
    {file = "casadi-3.6.3-cp311-none-manylinux2014_i686.whl", hash = "sha256:8357cfae956d1c4d2c8e765e93fcfad537f83e8278d2bd7c9d4f66213fdc6f4e"},
    {file = "casadi-3.6.3-cp311-none-manylinux2014_x86_64.whl", hash = "sha256:de87a486a4578f609bb93327004ee0a4598723cff5c0118828e1de31f01ea65b"},
    {file = "casadi-3.6.3-cp311-none-win_amd64.whl", hash = "sha256:d5b5d49b3749aa075678206645b106fea104485285441f771ba5ef347d4bc394"},
    {file = "casadi-3.6.3.tar.gz", hash = "sha256:2a953bd001327c9ae79018a1efa455852c8a4b4f47f5bdda5f0a07ec820d1880"},
]

[[package]]
name = "colorama"
version = "0.4.6"
requires_python = "!=3.0.*,!=3.1.*,!=3.2.*,!=3.3.*,!=3.4.*,!=3.5.*,!=3.6.*,>=2.7"
summary = "Cross-platform colored terminal text."
files = [
    {file = "colorama-0.4.6-py2.py3-none-any.whl", hash = "sha256:4f1d9991f5acc0ca119f9d443620b77f9d6b33703e51011c16baf57afb285fc6"},
    {file = "colorama-0.4.6.tar.gz", hash = "sha256:08695f5cb7ed6e0531a20572697297273c47b8cae5a63ffc6d6ed5c201be6e44"},
]

[[package]]
name = "ezdxf"
version = "1.1.1"
requires_python = ">=3.8"
summary = "A Python package to create/manipulate DXF drawings."
dependencies = [
    "fonttools",
    "numpy",
    "pyparsing>=2.0.1",
    "typing-extensions>=4.6.0",
]
files = [
    {file = "ezdxf-1.1.1-cp310-cp310-macosx_10_9_universal2.whl", hash = "sha256:3b5e201e8bdbc78d856877be363609b353508b7fa5c2d55cae39f3f39b02f006"},
    {file = "ezdxf-1.1.1-cp310-cp310-macosx_10_9_x86_64.whl", hash = "sha256:189a43fec734578d62e24b335e8df977b1df773288abbe4c9a4bdcdabdc1243d"},
    {file = "ezdxf-1.1.1-cp310-cp310-macosx_11_0_arm64.whl", hash = "sha256:6787dde1fed0b4b12429e71f3cc5ab443112a8dd48433339208398ac90370026"},
    {file = "ezdxf-1.1.1-cp310-cp310-manylinux_2_17_aarch64.manylinux2014_aarch64.whl", hash = "sha256:b36174a454fccf356bf7cfdc41c93442298e6cb81ddf27ce0dd365e095a843eb"},
    {file = "ezdxf-1.1.1-cp310-cp310-manylinux_2_17_x86_64.manylinux2014_x86_64.whl", hash = "sha256:63890755a8282badc9164223dcb0180c669197db297ea19de0f6c4cd57261c72"},
    {file = "ezdxf-1.1.1-cp310-cp310-musllinux_1_1_aarch64.whl", hash = "sha256:9f99fd090a9275cc0136f826b7bd4c2fac4b7cb6c6a21ec96b69e303d142aef4"},
    {file = "ezdxf-1.1.1-cp310-cp310-musllinux_1_1_x86_64.whl", hash = "sha256:fd1e63bda1b443dbabba914f3597f1bd9dc75ff91410c1fd36cc8da710212789"},
    {file = "ezdxf-1.1.1-cp310-cp310-win_amd64.whl", hash = "sha256:cfd0be0c4b96e6152b546ee563aa1c06147da915a17ba42fe449f0811f38580c"},
    {file = "ezdxf-1.1.1-cp311-cp311-macosx_10_9_universal2.whl", hash = "sha256:ac936360a2329f91594f0b3c3a33338b25e862fe8210464b5a838b69bc1ee1e0"},
    {file = "ezdxf-1.1.1-cp311-cp311-macosx_10_9_x86_64.whl", hash = "sha256:eef5c31905ded4c67ee23447b8938eb2152f3175e1e754af674db66f6ef84cd6"},
    {file = "ezdxf-1.1.1-cp311-cp311-macosx_11_0_arm64.whl", hash = "sha256:0366c7cc9c80251e68be67805b8c93b887fce334216a0946eb410abcecc1556e"},
    {file = "ezdxf-1.1.1-cp311-cp311-manylinux_2_17_aarch64.manylinux2014_aarch64.whl", hash = "sha256:a2f239b97374112b75c316c0b5df9b9df3bb74e70c1f3fc11b66915cb6254341"},
    {file = "ezdxf-1.1.1-cp311-cp311-manylinux_2_17_x86_64.manylinux2014_x86_64.whl", hash = "sha256:6bcde39472544eef13d04dc6235c0c633f3a030732b28df99bb994f82376c8a7"},
    {file = "ezdxf-1.1.1-cp311-cp311-musllinux_1_1_aarch64.whl", hash = "sha256:24aeb7b82c94989971210fa4a54f53b10f5aa8781e860ab6ce89a0270bd11d55"},
    {file = "ezdxf-1.1.1-cp311-cp311-musllinux_1_1_x86_64.whl", hash = "sha256:96e9d3087a964fd2defe1f22844ffa3ecac2f40640d6dab2f0d16a5282699d73"},
    {file = "ezdxf-1.1.1-cp311-cp311-win_amd64.whl", hash = "sha256:69e202b1f5bdf35efe98eaf823eda12118a43f087f9fa6552e7655c6d919265c"},
    {file = "ezdxf-1.1.1-cp312-cp312-macosx_10_9_universal2.whl", hash = "sha256:27f3fea96a654922ddf4be5062934bc7e0d150590af509d2bfac4cb42b687d1b"},
    {file = "ezdxf-1.1.1-cp312-cp312-macosx_10_9_x86_64.whl", hash = "sha256:90e48a6d514b3b639d4f6fe739b09293ed89d0eb1806588babff732f48ad5a45"},
    {file = "ezdxf-1.1.1-cp312-cp312-macosx_11_0_arm64.whl", hash = "sha256:8fa3e930626e39484ddb1d4b3950a39ed79bb10da570e0068d6d5e79408454e4"},
    {file = "ezdxf-1.1.1-cp312-cp312-manylinux_2_17_aarch64.manylinux2014_aarch64.whl", hash = "sha256:906d0470320f65a470b76273e8629e6d0b45833f27761964543304e9aedf7f12"},
    {file = "ezdxf-1.1.1-cp312-cp312-manylinux_2_17_x86_64.manylinux2014_x86_64.whl", hash = "sha256:d6421699807cc6f5fe707fda9843516f82a2e367fe366ed6cb43042c67d3c935"},
    {file = "ezdxf-1.1.1-cp312-cp312-musllinux_1_1_aarch64.whl", hash = "sha256:85d8be7e9904e5dd62e75f7025befd9b7ccfdb6ffd25d36869bebf878746de29"},
    {file = "ezdxf-1.1.1-cp312-cp312-musllinux_1_1_x86_64.whl", hash = "sha256:38bb2deded006121bd9eaa5d1fc7502909811c06fe57468621d41ba1782c80a7"},
    {file = "ezdxf-1.1.1-cp312-cp312-win_amd64.whl", hash = "sha256:cbfe1e40af37409e4b78993459a71609676edb528290c861104749e098e10386"},
    {file = "ezdxf-1.1.1-py3-none-any.whl", hash = "sha256:bc71d9c3b50d87e912c01b173f76ab0d1ba7d6a85c560ca60f0b252b533684ad"},
    {file = "ezdxf-1.1.1.zip", hash = "sha256:2188f331df5d217b70e95053ed65a0fe78c55e8aff6d0453473ad2f4ca27b302"},
]

[[package]]
name = "fonttools"
version = "4.43.1"
requires_python = ">=3.8"
summary = "Tools to manipulate font files"
files = [
    {file = "fonttools-4.43.1-cp310-cp310-macosx_10_9_universal2.whl", hash = "sha256:bf11e2cca121df35e295bd34b309046c29476ee739753bc6bc9d5050de319273"},
    {file = "fonttools-4.43.1-cp310-cp310-macosx_10_9_x86_64.whl", hash = "sha256:10b3922875ffcba636674f406f9ab9a559564fdbaa253d66222019d569db869c"},
    {file = "fonttools-4.43.1-cp310-cp310-manylinux_2_17_aarch64.manylinux2014_aarch64.whl", hash = "sha256:9f727c3e3d08fd25352ed76cc3cb61486f8ed3f46109edf39e5a60fc9fecf6ca"},
    {file = "fonttools-4.43.1-cp310-cp310-manylinux_2_17_x86_64.manylinux2014_x86_64.whl", hash = "sha256:ad0b3f6342cfa14be996971ea2b28b125ad681c6277c4cd0fbdb50340220dfb6"},
    {file = "fonttools-4.43.1-cp310-cp310-musllinux_1_1_aarch64.whl", hash = "sha256:3b7ad05b2beeebafb86aa01982e9768d61c2232f16470f9d0d8e385798e37184"},
    {file = "fonttools-4.43.1-cp310-cp310-musllinux_1_1_x86_64.whl", hash = "sha256:4c54466f642d2116686268c3e5f35ebb10e49b0d48d41a847f0e171c785f7ac7"},
    {file = "fonttools-4.43.1-cp310-cp310-win32.whl", hash = "sha256:1e09da7e8519e336239fbd375156488a4c4945f11c4c5792ee086dd84f784d02"},
    {file = "fonttools-4.43.1-cp310-cp310-win_amd64.whl", hash = "sha256:1cf9e974f63b1080b1d2686180fc1fbfd3bfcfa3e1128695b5de337eb9075cef"},
    {file = "fonttools-4.43.1-cp311-cp311-macosx_10_9_universal2.whl", hash = "sha256:5db46659cfe4e321158de74c6f71617e65dc92e54980086823a207f1c1c0e24b"},
    {file = "fonttools-4.43.1-cp311-cp311-macosx_10_9_x86_64.whl", hash = "sha256:1952c89a45caceedf2ab2506d9a95756e12b235c7182a7a0fff4f5e52227204f"},
    {file = "fonttools-4.43.1-cp311-cp311-manylinux_2_17_aarch64.manylinux2014_aarch64.whl", hash = "sha256:9c36da88422e0270fbc7fd959dc9749d31a958506c1d000e16703c2fce43e3d0"},
    {file = "fonttools-4.43.1-cp311-cp311-manylinux_2_17_x86_64.manylinux2014_x86_64.whl", hash = "sha256:7bbbf8174501285049e64d174e29f9578495e1b3b16c07c31910d55ad57683d8"},
    {file = "fonttools-4.43.1-cp311-cp311-musllinux_1_1_aarch64.whl", hash = "sha256:d4071bd1c183b8d0b368cc9ed3c07a0f6eb1bdfc4941c4c024c49a35429ac7cd"},
    {file = "fonttools-4.43.1-cp311-cp311-musllinux_1_1_x86_64.whl", hash = "sha256:d21099b411e2006d3c3e1f9aaf339e12037dbf7bf9337faf0e93ec915991f43b"},
    {file = "fonttools-4.43.1-cp311-cp311-win32.whl", hash = "sha256:b84a1c00f832feb9d0585ca8432fba104c819e42ff685fcce83537e2e7e91204"},
    {file = "fonttools-4.43.1-cp311-cp311-win_amd64.whl", hash = "sha256:9a2f0aa6ca7c9bc1058a9d0b35483d4216e0c1bbe3962bc62ce112749954c7b8"},
    {file = "fonttools-4.43.1-cp312-cp312-macosx_10_9_universal2.whl", hash = "sha256:4d9740e3783c748521e77d3c397dc0662062c88fd93600a3c2087d3d627cd5e5"},
    {file = "fonttools-4.43.1-cp312-cp312-macosx_10_9_x86_64.whl", hash = "sha256:884ef38a5a2fd47b0c1291647b15f4e88b9de5338ffa24ee52c77d52b4dfd09c"},
    {file = "fonttools-4.43.1-cp312-cp312-manylinux_2_17_aarch64.manylinux2014_aarch64.whl", hash = "sha256:9648518ef687ba818db3fcc5d9aae27a369253ac09a81ed25c3867e8657a0680"},
    {file = "fonttools-4.43.1-cp312-cp312-manylinux_2_5_x86_64.manylinux1_x86_64.manylinux_2_17_x86_64.manylinux2014_x86_64.whl", hash = "sha256:95e974d70238fc2be5f444fa91f6347191d0e914d5d8ae002c9aa189572cc215"},
    {file = "fonttools-4.43.1-cp312-cp312-musllinux_1_1_aarch64.whl", hash = "sha256:34f713dad41aa21c637b4e04fe507c36b986a40f7179dcc86402237e2d39dcd3"},
    {file = "fonttools-4.43.1-cp312-cp312-musllinux_1_1_x86_64.whl", hash = "sha256:360201d46165fc0753229afe785900bc9596ee6974833124f4e5e9f98d0f592b"},
    {file = "fonttools-4.43.1-cp312-cp312-win32.whl", hash = "sha256:bb6d2f8ef81ea076877d76acfb6f9534a9c5f31dc94ba70ad001267ac3a8e56f"},
    {file = "fonttools-4.43.1-cp312-cp312-win_amd64.whl", hash = "sha256:25d3da8a01442cbc1106490eddb6d31d7dffb38c1edbfabbcc8db371b3386d72"},
    {file = "fonttools-4.43.1-py3-none-any.whl", hash = "sha256:4f88cae635bfe4bbbdc29d479a297bb525a94889184bb69fa9560c2d4834ddb9"},
    {file = "fonttools-4.43.1.tar.gz", hash = "sha256:17dbc2eeafb38d5d0e865dcce16e313c58265a6d2d20081c435f84dc5a9d8212"},
]

[[package]]
name = "multimethod"
version = "1.10"
requires_python = ">=3.8"
summary = "Multiple argument dispatching."
files = [
    {file = "multimethod-1.10-py3-none-any.whl", hash = "sha256:afd84da9c3d0445c84f827e4d63ad42d17c6d29b122427c6dee9032ac2d2a0d4"},
    {file = "multimethod-1.10.tar.gz", hash = "sha256:daa45af3fe257f73abb69673fd54ddeaf31df0eb7363ad6e1251b7c9b192d8c5"},
]

[[package]]
name = "nlopt"
version = "2.7.1"
requires_python = ">=3.6"
summary = "Library for nonlinear optimization, wrapping many algorithms for global and local, constrained or unconstrained, optimization"
dependencies = [
    "numpy>=1.14",
]
files = [
    {file = "nlopt-2.7.1-cp310-cp310-macosx_10_9_x86_64.whl", hash = "sha256:42b7883704e1285ff40d930699eb7fc7e1341229da33666b4163459cfdf89fb1"},
    {file = "nlopt-2.7.1-cp310-cp310-manylinux_2_17_x86_64.manylinux2014_x86_64.whl", hash = "sha256:6ba0862162248442fbf1f04b20a321c11ff40ff4442a12aaaafcdaff9abb0ab7"},
    {file = "nlopt-2.7.1-cp310-cp310-win_amd64.whl", hash = "sha256:426c18548d733640449d707c82eb57c09a5f01d4b064f87312808d194d227f24"},
    {file = "nlopt-2.7.1-cp311-cp311-macosx_10_9_x86_64.whl", hash = "sha256:7a12fe3cbfb36a6a18f84a1ac23ed3dda323860235381b3d2d182d8b771783ef"},
    {file = "nlopt-2.7.1-cp311-cp311-manylinux_2_17_x86_64.manylinux2014_x86_64.whl", hash = "sha256:3e1653de0060a42d6709423e6160888893bb688f4ff79aa0f1def4701ea25dd8"},
    {file = "nlopt-2.7.1-cp311-cp311-win_amd64.whl", hash = "sha256:88ec7cf491da150d497ecc61889bc7adb0af0ad05a67e925a4f5ac88e20f1b9c"},
]

[[package]]
name = "nptyping"
version = "2.0.1"
requires_python = ">=3.7"
summary = "Type hints for NumPy."
dependencies = [
    "numpy>=1.20.0",
]
files = [
    {file = "nptyping-2.0.1-py3-none-any.whl", hash = "sha256:0fc5c4d76c65e12a77e750b9e2701dab6468d00926c8c4f383867bd70598a532"},
]

[[package]]
name = "numpy"
version = "1.24.4"
requires_python = ">=3.8"
summary = "Fundamental package for array computing in Python"
files = [
    {file = "numpy-1.24.4-cp310-cp310-macosx_10_9_x86_64.whl", hash = "sha256:c0bfb52d2169d58c1cdb8cc1f16989101639b34c7d3ce60ed70b19c63eba0b64"},
    {file = "numpy-1.24.4-cp310-cp310-macosx_11_0_arm64.whl", hash = "sha256:ed094d4f0c177b1b8e7aa9cba7d6ceed51c0e569a5318ac0ca9a090680a6a1b1"},
    {file = "numpy-1.24.4-cp310-cp310-manylinux_2_17_aarch64.manylinux2014_aarch64.whl", hash = "sha256:79fc682a374c4a8ed08b331bef9c5f582585d1048fa6d80bc6c35bc384eee9b4"},
    {file = "numpy-1.24.4-cp310-cp310-manylinux_2_17_x86_64.manylinux2014_x86_64.whl", hash = "sha256:7ffe43c74893dbf38c2b0a1f5428760a1a9c98285553c89e12d70a96a7f3a4d6"},
    {file = "numpy-1.24.4-cp310-cp310-win32.whl", hash = "sha256:4c21decb6ea94057331e111a5bed9a79d335658c27ce2adb580fb4d54f2ad9bc"},
    {file = "numpy-1.24.4-cp310-cp310-win_amd64.whl", hash = "sha256:b4bea75e47d9586d31e892a7401f76e909712a0fd510f58f5337bea9572c571e"},
    {file = "numpy-1.24.4-cp38-cp38-macosx_10_9_x86_64.whl", hash = "sha256:1452241c290f3e2a312c137a9999cdbf63f78864d63c79039bda65ee86943f61"},
    {file = "numpy-1.24.4-cp38-cp38-macosx_11_0_arm64.whl", hash = "sha256:04640dab83f7c6c85abf9cd729c5b65f1ebd0ccf9de90b270cd61935eef0197f"},
    {file = "numpy-1.24.4-cp38-cp38-manylinux_2_17_aarch64.manylinux2014_aarch64.whl", hash = "sha256:a5425b114831d1e77e4b5d812b69d11d962e104095a5b9c3b641a218abcc050e"},
    {file = "numpy-1.24.4-cp38-cp38-manylinux_2_17_x86_64.manylinux2014_x86_64.whl", hash = "sha256:dd80e219fd4c71fc3699fc1dadac5dcf4fd882bfc6f7ec53d30fa197b8ee22dc"},
    {file = "numpy-1.24.4-cp38-cp38-win32.whl", hash = "sha256:4602244f345453db537be5314d3983dbf5834a9701b7723ec28923e2889e0bb2"},
    {file = "numpy-1.24.4-cp38-cp38-win_amd64.whl", hash = "sha256:692f2e0f55794943c5bfff12b3f56f99af76f902fc47487bdfe97856de51a706"},
    {file = "numpy-1.24.4-cp39-cp39-macosx_10_9_x86_64.whl", hash = "sha256:2541312fbf09977f3b3ad449c4e5f4bb55d0dbf79226d7724211acc905049400"},
    {file = "numpy-1.24.4-cp39-cp39-macosx_11_0_arm64.whl", hash = "sha256:9667575fb6d13c95f1b36aca12c5ee3356bf001b714fc354eb5465ce1609e62f"},
    {file = "numpy-1.24.4-cp39-cp39-manylinux_2_17_aarch64.manylinux2014_aarch64.whl", hash = "sha256:f3a86ed21e4f87050382c7bc96571755193c4c1392490744ac73d660e8f564a9"},
    {file = "numpy-1.24.4-cp39-cp39-manylinux_2_17_x86_64.manylinux2014_x86_64.whl", hash = "sha256:d11efb4dbecbdf22508d55e48d9c8384db795e1b7b51ea735289ff96613ff74d"},
    {file = "numpy-1.24.4-cp39-cp39-win32.whl", hash = "sha256:6620c0acd41dbcb368610bb2f4d83145674040025e5536954782467100aa8835"},
    {file = "numpy-1.24.4-cp39-cp39-win_amd64.whl", hash = "sha256:befe2bf740fd8373cf56149a5c23a0f601e82869598d41f8e188a0e9869926f8"},
    {file = "numpy-1.24.4-pp38-pypy38_pp73-macosx_10_9_x86_64.whl", hash = "sha256:31f13e25b4e304632a4619d0e0777662c2ffea99fcae2029556b17d8ff958aef"},
    {file = "numpy-1.24.4-pp38-pypy38_pp73-manylinux_2_17_x86_64.manylinux2014_x86_64.whl", hash = "sha256:95f7ac6540e95bc440ad77f56e520da5bf877f87dca58bd095288dce8940532a"},
    {file = "numpy-1.24.4-pp38-pypy38_pp73-win_amd64.whl", hash = "sha256:e98f220aa76ca2a977fe435f5b04d7b3470c0a2e6312907b37ba6068f26787f2"},
    {file = "numpy-1.24.4.tar.gz", hash = "sha256:80f5e3a4e498641401868df4208b74581206afbee7cf7b8329daae82676d9463"},
]

[[package]]
name = "path"
version = "16.7.1"
requires_python = ">=3.8"
summary = "A module wrapper for os.path"
files = [
    {file = "path-16.7.1-py3-none-any.whl", hash = "sha256:57f6ac8209c2b8fd3c515cf013e3b288af43460dddacf1d0249839aabcc14517"},
    {file = "path-16.7.1.tar.gz", hash = "sha256:2b477f5887033f3cbea1cfd8553ee6a6a498eb2540a19f4aa082822aadcea30a"},
]

[[package]]
name = "pyparsing"
version = "3.1.1"
requires_python = ">=3.6.8"
summary = "pyparsing module - Classes and methods to define and execute parsing grammars"
files = [
    {file = "pyparsing-3.1.1-py3-none-any.whl", hash = "sha256:32c7c0b711493c72ff18a981d24f28aaf9c1fb7ed5e9667c9e84e3db623bdbfb"},
    {file = "pyparsing-3.1.1.tar.gz", hash = "sha256:ede28a1a32462f5a9705e07aea48001a08f7cf81a021585011deba701581a0db"},
]

[[package]]
name = "scipy"
version = "1.9.3"
requires_python = ">=3.8"
summary = "Fundamental algorithms for scientific computing in Python"
dependencies = [
    "numpy<1.26.0,>=1.18.5",
]
files = [
    {file = "scipy-1.9.3-cp310-cp310-macosx_10_9_x86_64.whl", hash = "sha256:1884b66a54887e21addf9c16fb588720a8309a57b2e258ae1c7986d4444d3bc0"},
    {file = "scipy-1.9.3-cp310-cp310-macosx_12_0_arm64.whl", hash = "sha256:83b89e9586c62e787f5012e8475fbb12185bafb996a03257e9675cd73d3736dd"},
    {file = "scipy-1.9.3-cp310-cp310-manylinux_2_17_aarch64.manylinux2014_aarch64.whl", hash = "sha256:1a72d885fa44247f92743fc20732ae55564ff2a519e8302fb7e18717c5355a8b"},
    {file = "scipy-1.9.3-cp310-cp310-manylinux_2_17_x86_64.manylinux2014_x86_64.whl", hash = "sha256:d01e1dd7b15bd2449c8bfc6b7cc67d630700ed655654f0dfcf121600bad205c9"},
    {file = "scipy-1.9.3-cp310-cp310-win_amd64.whl", hash = "sha256:68239b6aa6f9c593da8be1509a05cb7f9efe98b80f43a5861cd24c7557e98523"},
    {file = "scipy-1.9.3-cp311-cp311-macosx_10_9_x86_64.whl", hash = "sha256:b41bc822679ad1c9a5f023bc93f6d0543129ca0f37c1ce294dd9d386f0a21096"},
    {file = "scipy-1.9.3-cp311-cp311-macosx_12_0_arm64.whl", hash = "sha256:90453d2b93ea82a9f434e4e1cba043e779ff67b92f7a0e85d05d286a3625df3c"},
    {file = "scipy-1.9.3-cp311-cp311-manylinux_2_17_aarch64.manylinux2014_aarch64.whl", hash = "sha256:83c06e62a390a9167da60bedd4575a14c1f58ca9dfde59830fc42e5197283dab"},
    {file = "scipy-1.9.3-cp311-cp311-manylinux_2_17_x86_64.manylinux2014_x86_64.whl", hash = "sha256:abaf921531b5aeaafced90157db505e10345e45038c39e5d9b6c7922d68085cb"},
    {file = "scipy-1.9.3-cp311-cp311-win_amd64.whl", hash = "sha256:06d2e1b4c491dc7d8eacea139a1b0b295f74e1a1a0f704c375028f8320d16e31"},
    {file = "scipy-1.9.3.tar.gz", hash = "sha256:fbc5c05c85c1a02be77b1ff591087c83bc44579c6d2bd9fb798bb64ea5e1a027"},
]

[[package]]
name = "tqdm"
version = "4.66.1"
requires_python = ">=3.7"
summary = "Fast, Extensible Progress Meter"
dependencies = [
    "colorama; platform_system == \"Windows\"",
]
files = [
    {file = "tqdm-4.66.1-py3-none-any.whl", hash = "sha256:d302b3c5b53d47bce91fea46679d9c3c6508cf6332229aa1e7d8653723793386"},
    {file = "tqdm-4.66.1.tar.gz", hash = "sha256:d88e651f9db8d8551a62556d3cff9e3034274ca5d66e93197cf2490e2dcb69c7"},
]

[[package]]
name = "typing-extensions"
version = "4.8.0"
requires_python = ">=3.8"
summary = "Backported and Experimental Type Hints for Python 3.8+"
files = [
    {file = "typing_extensions-4.8.0-py3-none-any.whl", hash = "sha256:8f92fc8806f9a6b641eaa5318da32b44d401efaac0f6678c9bc448ba3605faa0"},
    {file = "typing_extensions-4.8.0.tar.gz", hash = "sha256:df8e4339e9cb77357558cbdbceca33c303714cf861d1eef15e1070055ae8b7ef"},
]

[[package]]
name = "typish"
version = "1.9.3"
summary = "Functionality for types"
files = [
    {file = "typish-1.9.3-py3-none-any.whl", hash = "sha256:03cfee5e6eb856dbf90244e18f4e4c41044c8790d5779f4e775f63f982e2f896"},
]
