# This file is @generated by PDM.
# It is not intended for manual editing.

[metadata]
groups = ["default", "compute"]
strategy = ["cross_platform", "inherit_metadata"]
lock_version = "4.4.1"
content_hash = "sha256:ba5a19de3233871fa2ab60138ba90c59cac426417dcc3b2507716a435cec5085"

[[package]]
name = "cadquery"
version = "2.4.0"
requires_python = ">=3.8"
summary = "CadQuery is a parametric  scripting language for creating and traversing CAD models"
groups = ["compute"]
dependencies = [
    "cadquery-ocp<7.8,>=7.7.0a0",
    "casadi",
    "ezdxf",
    "multimethod==1.9.1",
    "nlopt",
    "nptyping==2.0.1",
    "path",
    "typish",
]
files = [
    {file = "cadquery-2.4.0-py3-none-any.whl", hash = "sha256:66c865b1e5db205b81a5ddc8533d4741577291292cf2dc80b104ae9e3085b195"},
    {file = "cadquery-2.4.0.tar.gz", hash = "sha256:38e8e302060f2e50943ab0f8acab985c37a73009e972c7b02767c90bef7fb3e7"},
]

[[package]]
name = "cadquery-ocp"
version = "7.7.2"
summary = "OCP+VTK wheel with shared library dependencies bundled."
groups = ["compute"]
files = [
    {file = "cadquery_ocp-7.7.2-cp311-cp311-macosx_10_9_x86_64.whl", hash = "sha256:488401fa4d070e3eb17729fb8b6494bd3577f0913c4e901e674c4d8fcd9ac1fe"},
    {file = "cadquery_ocp-7.7.2-cp311-cp311-manylinux_2_35_x86_64.whl", hash = "sha256:2be9408551c03e1c715e3b158b41ce458178ecf530ba644e3e884a5989feb611"},
    {file = "cadquery_ocp-7.7.2-cp311-cp311-win_amd64.whl", hash = "sha256:8e1f90250924ac50344bf0867e3d9a927f077583351b270b4e0e171033dd2046"},
    {file = "cadquery_ocp-7.7.2-cp312-cp312-macosx_10_9_x86_64.whl", hash = "sha256:78a7903267cd9986181b634a315ca66fac1bb9e6dbfaf60724d812b3a2cc77bf"},
    {file = "cadquery_ocp-7.7.2-cp312-cp312-manylinux_2_35_x86_64.whl", hash = "sha256:7ac2d83b4f4b3d7c35421a1d9f8fec2adc73b6ed6cac50c1ffcede5552e38e9b"},
    {file = "cadquery_ocp-7.7.2-cp312-cp312-win_amd64.whl", hash = "sha256:d9e5c8ef5aeb1d3fb8f0b207ed1a2b781d22dc3e9b9c0551f52342f5a6ee7fc5"},
]

[[package]]
name = "casadi"
version = "3.6.5"
summary = "CasADi -- framework for algorithmic differentiation and numeric optimization"
groups = ["compute"]
dependencies = [
    "numpy",
]
files = [
    {file = "casadi-3.6.5-cp311-none-macosx_10_13_x86_64.macosx_10_13_intel.whl", hash = "sha256:bebd3909db24ba711e094aacc0a2329b9903d422d73f61be851873731244b7d1"},
    {file = "casadi-3.6.5-cp311-none-macosx_11_0_arm64.whl", hash = "sha256:ccb962ea02b7d6d245d5cd40fb52c29e812040a45273c6eed32cb8fcff673dda"},
    {file = "casadi-3.6.5-cp311-none-manylinux2014_aarch64.whl", hash = "sha256:1ce199a4ea1d376edbe5399cd622a4564040c83f50c50114fe50a69a8ea81d92"},
    {file = "casadi-3.6.5-cp311-none-manylinux2014_i686.whl", hash = "sha256:d12b67d467a5b2b0a909378ef7231fbc9af0da923baa13b1d5464d8471601ac3"},
    {file = "casadi-3.6.5-cp311-none-manylinux2014_x86_64.whl", hash = "sha256:3a3fb8af868f83d4a4f26d878c49f4acc4ed7ee92e731c73e650e5893418a634"},
    {file = "casadi-3.6.5-cp311-none-win_amd64.whl", hash = "sha256:3bdd645151beda013af5fd019fb554756e7dac37541b9f120cdfba90405b2671"},
    {file = "casadi-3.6.5-cp312-none-macosx_10_13_x86_64.macosx_10_13_intel.whl", hash = "sha256:33afd1a4da0c86b4316953fe541635a8a7dc51703282e24a870ada13a46adb53"},
    {file = "casadi-3.6.5-cp312-none-macosx_11_0_arm64.whl", hash = "sha256:0d6ee0558b4ecdd8aa4aa70fd31528b135801f1086c28a9cb78d8e8242b7aedd"},
    {file = "casadi-3.6.5-cp312-none-manylinux2014_i686.whl", hash = "sha256:be40e9897d80fb72a97e750b2143c32f63f8800cfb78f9b396d8ce7a913fca39"},
    {file = "casadi-3.6.5-cp312-none-manylinux2014_x86_64.whl", hash = "sha256:0118637823e292a9270133e02c9c6d3f3c7f75e8c91a6f6dc5275ade82dd1d9d"},
    {file = "casadi-3.6.5-cp312-none-win_amd64.whl", hash = "sha256:fe2b64d777e36cc3f101220dd1e219a0e11c3e4ee2b5e708b30fea9a27107e41"},
    {file = "casadi-3.6.5.tar.gz", hash = "sha256:409a5f6725eadea40fddfb8ba2321139b5252edac8bc115a72f68e648631d56a"},
]

[[package]]
name = "colorama"
version = "0.4.6"
requires_python = "!=3.0.*,!=3.1.*,!=3.2.*,!=3.3.*,!=3.4.*,!=3.5.*,!=3.6.*,>=2.7"
summary = "Cross-platform colored terminal text."
groups = ["default"]
marker = "platform_system == \"Windows\""
files = [
    {file = "colorama-0.4.6-py2.py3-none-any.whl", hash = "sha256:4f1d9991f5acc0ca119f9d443620b77f9d6b33703e51011c16baf57afb285fc6"},
    {file = "colorama-0.4.6.tar.gz", hash = "sha256:08695f5cb7ed6e0531a20572697297273c47b8cae5a63ffc6d6ed5c201be6e44"},
]

[[package]]
name = "ezdxf"
version = "1.2.0"
requires_python = ">=3.9"
summary = "A Python package to create/manipulate DXF drawings."
groups = ["compute"]
dependencies = [
    "fonttools",
    "numpy",
    "pyparsing>=2.0.1",
    "typing-extensions>=4.6.0",
]
files = [
    {file = "ezdxf-1.2.0-cp311-cp311-macosx_10_9_universal2.whl", hash = "sha256:bc2ec8da9d2578a31942a7c038f2f3208b397fb51f359dbc6cf176ae76a16693"},
    {file = "ezdxf-1.2.0-cp311-cp311-macosx_10_9_x86_64.whl", hash = "sha256:4a70bec89cdc9e66025f2a71667b18ffdf005b8d4a2c6ad78b2d647555e4bb27"},
    {file = "ezdxf-1.2.0-cp311-cp311-macosx_11_0_arm64.whl", hash = "sha256:6f2d09b85c47c5b54fd95eb2b0d6b70df7b469a83a02b67fd003e55f36b0872d"},
    {file = "ezdxf-1.2.0-cp311-cp311-manylinux_2_17_aarch64.manylinux2014_aarch64.whl", hash = "sha256:2c18a1cc5b6f094f98bbebda4212d6c3fbf1c40f2351d298955e26f770394c77"},
    {file = "ezdxf-1.2.0-cp311-cp311-manylinux_2_17_x86_64.manylinux2014_x86_64.whl", hash = "sha256:98fb974c2de051cd85f003f35a61389cd2c499200633d9b073d8c511921154f2"},
    {file = "ezdxf-1.2.0-cp311-cp311-musllinux_1_1_aarch64.whl", hash = "sha256:d228bf5b6d7ddb45f0e40184e7ca64e2a071420c1a81a02e5d12c8e0fd8358a7"},
    {file = "ezdxf-1.2.0-cp311-cp311-musllinux_1_1_x86_64.whl", hash = "sha256:4540f4a3efb52418bd514968268431b8c64ea1ecb9b5bb253d844cd361b60c13"},
    {file = "ezdxf-1.2.0-cp311-cp311-win_amd64.whl", hash = "sha256:1afa02f7a1ce9d7a9c33ad4f2b67153b00e7004387bfcd4c31437273fe680466"},
    {file = "ezdxf-1.2.0-cp312-cp312-macosx_10_9_universal2.whl", hash = "sha256:de52f8b5acdd27780ef063cf5062459f164a45b00169dc616c4f4368d1f980da"},
    {file = "ezdxf-1.2.0-cp312-cp312-macosx_10_9_x86_64.whl", hash = "sha256:dd77982827c7cf6b064f84b8d043e1ac7ca9aba9deddb6729437995a4c7a2539"},
    {file = "ezdxf-1.2.0-cp312-cp312-macosx_11_0_arm64.whl", hash = "sha256:4641222751e451ff1af85318adaa95b21c309c7ae94fd7db783afa4dbbcf8aec"},
    {file = "ezdxf-1.2.0-cp312-cp312-manylinux_2_17_aarch64.manylinux2014_aarch64.whl", hash = "sha256:5fcac2fec3ee693313530feca156048f43351ba49f8e83c1e56cb3e25033cba8"},
    {file = "ezdxf-1.2.0-cp312-cp312-manylinux_2_17_x86_64.manylinux2014_x86_64.whl", hash = "sha256:5f49f9dca916ddf03bef6a4fbbea72184d672d9b32f3c2a86e9b11b6c509e2da"},
    {file = "ezdxf-1.2.0-cp312-cp312-musllinux_1_1_aarch64.whl", hash = "sha256:bc608e62ef16a7ebc16ff127845f2f92faf41733981605209eed1057e0f6d273"},
    {file = "ezdxf-1.2.0-cp312-cp312-musllinux_1_1_x86_64.whl", hash = "sha256:d48152512b0ee8b462bdd7ae08553c1c2ee680aa7b77a02b83c3ad1adc2db81a"},
    {file = "ezdxf-1.2.0-cp312-cp312-win_amd64.whl", hash = "sha256:0f6ad07bc19bbf74405b5a3cfe434b175a7cb20a9a9bd6cbae2eabb21fe057f2"},
    {file = "ezdxf-1.2.0-py3-none-any.whl", hash = "sha256:549b5714543cba8665c6f0fb1f269ab03270f2339eb22cd40fd35b1dbc22e4a4"},
    {file = "ezdxf-1.2.0.zip", hash = "sha256:a34748ac31d414387dab72ecf819b1422b44d43b094045a5235f2ad268882942"},
]

[[package]]
name = "fonttools"
version = "4.50.0"
requires_python = ">=3.8"
summary = "Tools to manipulate font files"
groups = ["compute"]
files = [
    {file = "fonttools-4.50.0-cp311-cp311-macosx_10_9_universal2.whl", hash = "sha256:3dfb102e7f63b78c832e4539969167ffcc0375b013080e6472350965a5fe8048"},
    {file = "fonttools-4.50.0-cp311-cp311-macosx_10_9_x86_64.whl", hash = "sha256:9e58fe34cb379ba3d01d5d319d67dd3ce7ca9a47ad044ea2b22635cd2d1247fc"},
    {file = "fonttools-4.50.0-cp311-cp311-manylinux_2_17_aarch64.manylinux2014_aarch64.whl", hash = "sha256:2c673ab40d15a442a4e6eb09bf007c1dda47c84ac1e2eecbdf359adacb799c24"},
    {file = "fonttools-4.50.0-cp311-cp311-manylinux_2_17_x86_64.manylinux2014_x86_64.whl", hash = "sha256:9b3ac35cdcd1a4c90c23a5200212c1bb74fa05833cc7c14291d7043a52ca2aaa"},
    {file = "fonttools-4.50.0-cp311-cp311-musllinux_1_1_aarch64.whl", hash = "sha256:8844e7a2c5f7ecf977e82eb6b3014f025c8b454e046d941ece05b768be5847ae"},
    {file = "fonttools-4.50.0-cp311-cp311-musllinux_1_1_x86_64.whl", hash = "sha256:f849bd3c5c2249b49c98eca5aaebb920d2bfd92b3c69e84ca9bddf133e9f83f0"},
    {file = "fonttools-4.50.0-cp311-cp311-win32.whl", hash = "sha256:39293ff231b36b035575e81c14626dfc14407a20de5262f9596c2cbb199c3625"},
    {file = "fonttools-4.50.0-cp311-cp311-win_amd64.whl", hash = "sha256:c33d5023523b44d3481624f840c8646656a1def7630ca562f222eb3ead16c438"},
    {file = "fonttools-4.50.0-cp312-cp312-macosx_10_9_universal2.whl", hash = "sha256:b4a886a6dbe60100ba1cd24de962f8cd18139bd32808da80de1fa9f9f27bf1dc"},
    {file = "fonttools-4.50.0-cp312-cp312-macosx_10_9_x86_64.whl", hash = "sha256:b2ca1837bfbe5eafa11313dbc7edada79052709a1fffa10cea691210af4aa1fa"},
    {file = "fonttools-4.50.0-cp312-cp312-manylinux_2_17_aarch64.manylinux2014_aarch64.whl", hash = "sha256:a0493dd97ac8977e48ffc1476b932b37c847cbb87fd68673dee5182004906828"},
    {file = "fonttools-4.50.0-cp312-cp312-manylinux_2_5_x86_64.manylinux1_x86_64.manylinux_2_17_x86_64.manylinux2014_x86_64.whl", hash = "sha256:77844e2f1b0889120b6c222fc49b2b75c3d88b930615e98893b899b9352a27ea"},
    {file = "fonttools-4.50.0-cp312-cp312-musllinux_1_1_aarch64.whl", hash = "sha256:3566bfb8c55ed9100afe1ba6f0f12265cd63a1387b9661eb6031a1578a28bad1"},
    {file = "fonttools-4.50.0-cp312-cp312-musllinux_1_1_x86_64.whl", hash = "sha256:35e10ddbc129cf61775d58a14f2d44121178d89874d32cae1eac722e687d9019"},
    {file = "fonttools-4.50.0-cp312-cp312-win32.whl", hash = "sha256:cc8140baf9fa8f9b903f2b393a6c413a220fa990264b215bf48484f3d0bf8710"},
    {file = "fonttools-4.50.0-cp312-cp312-win_amd64.whl", hash = "sha256:0ccc85fd96373ab73c59833b824d7a73846670a0cb1f3afbaee2b2c426a8f931"},
    {file = "fonttools-4.50.0-py3-none-any.whl", hash = "sha256:48fa36da06247aa8282766cfd63efff1bb24e55f020f29a335939ed3844d20d3"},
    {file = "fonttools-4.50.0.tar.gz", hash = "sha256:fa5cf61058c7dbb104c2ac4e782bf1b2016a8cf2f69de6e4dd6a865d2c969bb5"},
]

[[package]]
name = "multimethod"
version = "1.9.1"
requires_python = ">=3.7"
summary = "Multiple argument dispatching."
groups = ["compute"]
files = [
    {file = "multimethod-1.9.1-py3-none-any.whl", hash = "sha256:52f8f1f2b9d5a4c7adfdcc114dbeeebe3245a4420801e8807e26522a79fb6bc2"},
    {file = "multimethod-1.9.1.tar.gz", hash = "sha256:1589bf52ca294667fd15527ea830127c763f5bfc38562e3642591ffd0fd9d56f"},
]

[[package]]
name = "nlopt"
version = "2.7.1"
requires_python = ">=3.6"
summary = "Library for nonlinear optimization, wrapping many algorithms for global and local, constrained or unconstrained, optimization"
groups = ["compute"]
dependencies = [
    "numpy>=1.18.5",
]
files = [
    {file = "nlopt-2.7.1-cp311-cp311-macosx_10_9_x86_64.whl", hash = "sha256:7a12fe3cbfb36a6a18f84a1ac23ed3dda323860235381b3d2d182d8b771783ef"},
    {file = "nlopt-2.7.1-cp311-cp311-manylinux_2_17_x86_64.manylinux2014_x86_64.whl", hash = "sha256:3e1653de0060a42d6709423e6160888893bb688f4ff79aa0f1def4701ea25dd8"},
    {file = "nlopt-2.7.1-cp311-cp311-win_amd64.whl", hash = "sha256:88ec7cf491da150d497ecc61889bc7adb0af0ad05a67e925a4f5ac88e20f1b9c"},
]

[[package]]
name = "nptyping"
version = "2.0.1"
requires_python = ">=3.7"
summary = "Type hints for NumPy."
groups = ["compute"]
dependencies = [
    "numpy>=1.20.0",
]
files = [
    {file = "nptyping-2.0.1-py3-none-any.whl", hash = "sha256:0fc5c4d76c65e12a77e750b9e2701dab6468d00926c8c4f383867bd70598a532"},
]

[[package]]
name = "numpy"
version = "1.26.4"
requires_python = ">=3.9"
summary = "Fundamental package for array computing in Python"
groups = ["compute", "default"]
files = [
    {file = "numpy-1.26.4-cp311-cp311-macosx_10_9_x86_64.whl", hash = "sha256:4c66707fabe114439db9068ee468c26bbdf909cac0fb58686a42a24de1760c71"},
    {file = "numpy-1.26.4-cp311-cp311-macosx_11_0_arm64.whl", hash = "sha256:edd8b5fe47dab091176d21bb6de568acdd906d1887a4584a15a9a96a1dca06ef"},
    {file = "numpy-1.26.4-cp311-cp311-manylinux_2_17_aarch64.manylinux2014_aarch64.whl", hash = "sha256:7ab55401287bfec946ced39700c053796e7cc0e3acbef09993a9ad2adba6ca6e"},
    {file = "numpy-1.26.4-cp311-cp311-manylinux_2_17_x86_64.manylinux2014_x86_64.whl", hash = "sha256:666dbfb6ec68962c033a450943ded891bed2d54e6755e35e5835d63f4f6931d5"},
    {file = "numpy-1.26.4-cp311-cp311-musllinux_1_1_aarch64.whl", hash = "sha256:96ff0b2ad353d8f990b63294c8986f1ec3cb19d749234014f4e7eb0112ceba5a"},
    {file = "numpy-1.26.4-cp311-cp311-musllinux_1_1_x86_64.whl", hash = "sha256:60dedbb91afcbfdc9bc0b1f3f402804070deed7392c23eb7a7f07fa857868e8a"},
    {file = "numpy-1.26.4-cp311-cp311-win32.whl", hash = "sha256:1af303d6b2210eb850fcf03064d364652b7120803a0b872f5211f5234b399f20"},
    {file = "numpy-1.26.4-cp311-cp311-win_amd64.whl", hash = "sha256:cd25bcecc4974d09257ffcd1f098ee778f7834c3ad767fe5db785be9a4aa9cb2"},
    {file = "numpy-1.26.4-cp312-cp312-macosx_10_9_x86_64.whl", hash = "sha256:b3ce300f3644fb06443ee2222c2201dd3a89ea6040541412b8fa189341847218"},
    {file = "numpy-1.26.4-cp312-cp312-macosx_11_0_arm64.whl", hash = "sha256:03a8c78d01d9781b28a6989f6fa1bb2c4f2d51201cf99d3dd875df6fbd96b23b"},
    {file = "numpy-1.26.4-cp312-cp312-manylinux_2_17_aarch64.manylinux2014_aarch64.whl", hash = "sha256:9fad7dcb1aac3c7f0584a5a8133e3a43eeb2fe127f47e3632d43d677c66c102b"},
    {file = "numpy-1.26.4-cp312-cp312-manylinux_2_17_x86_64.manylinux2014_x86_64.whl", hash = "sha256:675d61ffbfa78604709862923189bad94014bef562cc35cf61d3a07bba02a7ed"},
    {file = "numpy-1.26.4-cp312-cp312-musllinux_1_1_aarch64.whl", hash = "sha256:ab47dbe5cc8210f55aa58e4805fe224dac469cde56b9f731a4c098b91917159a"},
    {file = "numpy-1.26.4-cp312-cp312-musllinux_1_1_x86_64.whl", hash = "sha256:1dda2e7b4ec9dd512f84935c5f126c8bd8b9f2fc001e9f54af255e8c5f16b0e0"},
    {file = "numpy-1.26.4-cp312-cp312-win32.whl", hash = "sha256:50193e430acfc1346175fcbdaa28ffec49947a06918b7b92130744e81e640110"},
    {file = "numpy-1.26.4-cp312-cp312-win_amd64.whl", hash = "sha256:08beddf13648eb95f8d867350f6a018a4be2e5ad54c8d8caed89ebca558b2818"},
    {file = "numpy-1.26.4-pp39-pypy39_pp73-macosx_10_9_x86_64.whl", hash = "sha256:afedb719a9dcfc7eaf2287b839d8198e06dcd4cb5d276a3df279231138e83d30"},
    {file = "numpy-1.26.4-pp39-pypy39_pp73-manylinux_2_17_x86_64.manylinux2014_x86_64.whl", hash = "sha256:95a7476c59002f2f6c590b9b7b998306fba6a5aa646b1e22ddfeaf8f78c3a29c"},
    {file = "numpy-1.26.4-pp39-pypy39_pp73-win_amd64.whl", hash = "sha256:7e50d0a0cc3189f9cb0aeb3a6a6af18c16f59f004b866cd2be1c14b36134a4a0"},
    {file = "numpy-1.26.4.tar.gz", hash = "sha256:2a02aba9ed12e4ac4eb3ea9421c420301a0c6460d9830d74a9df87efa4912010"},
]

[[package]]
name = "path"
version = "16.10.0"
requires_python = ">=3.8"
summary = "A module wrapper for os.path"
groups = ["compute"]
files = [
    {file = "path-16.10.0-py3-none-any.whl", hash = "sha256:902afa16e63943c1d6f14d9f74a6603beaa56980807e0234098256fd0ac33fed"},
    {file = "path-16.10.0.tar.gz", hash = "sha256:b32b22b76fe810a8ded6d136268cc8b6698ae7c47c29b94a9ea12623f3051e46"},
]

[[package]]
name = "pyparsing"
version = "3.1.2"
requires_python = ">=3.6.8"
summary = "pyparsing module - Classes and methods to define and execute parsing grammars"
groups = ["compute"]
files = [
    {file = "pyparsing-3.1.2-py3-none-any.whl", hash = "sha256:f9db75911801ed778fe61bb643079ff86601aca99fcae6345aa67292038fb742"},
    {file = "pyparsing-3.1.2.tar.gz", hash = "sha256:a1bac0ce561155ecc3ed78ca94d3c9378656ad4c94c1270de543f621420f94ad"},
]

[[package]]
name = "scipy"
version = "1.12.0"
requires_python = ">=3.9"
summary = "Fundamental algorithms for scientific computing in Python"
groups = ["default"]
dependencies = [
    "numpy<1.29.0,>=1.22.4",
]
files = [
    {file = "scipy-1.12.0-cp311-cp311-macosx_10_9_x86_64.whl", hash = "sha256:408c68423f9de16cb9e602528be4ce0d6312b05001f3de61fe9ec8b1263cad08"},
    {file = "scipy-1.12.0-cp311-cp311-macosx_12_0_arm64.whl", hash = "sha256:5adfad5dbf0163397beb4aca679187d24aec085343755fcdbdeb32b3679f254c"},
    {file = "scipy-1.12.0-cp311-cp311-manylinux_2_17_aarch64.manylinux2014_aarch64.whl", hash = "sha256:c3003652496f6e7c387b1cf63f4bb720951cfa18907e998ea551e6de51a04467"},
    {file = "scipy-1.12.0-cp311-cp311-manylinux_2_17_x86_64.manylinux2014_x86_64.whl", hash = "sha256:8b8066bce124ee5531d12a74b617d9ac0ea59245246410e19bca549656d9a40a"},
    {file = "scipy-1.12.0-cp311-cp311-musllinux_1_1_x86_64.whl", hash = "sha256:8bee4993817e204d761dba10dbab0774ba5a8612e57e81319ea04d84945375ba"},
    {file = "scipy-1.12.0-cp311-cp311-win_amd64.whl", hash = "sha256:a24024d45ce9a675c1fb8494e8e5244efea1c7a09c60beb1eeb80373d0fecc70"},
    {file = "scipy-1.12.0-cp312-cp312-macosx_10_9_x86_64.whl", hash = "sha256:e7e76cc48638228212c747ada851ef355c2bb5e7f939e10952bc504c11f4e372"},
    {file = "scipy-1.12.0-cp312-cp312-macosx_12_0_arm64.whl", hash = "sha256:f7ce148dffcd64ade37b2df9315541f9adad6efcaa86866ee7dd5db0c8f041c3"},
    {file = "scipy-1.12.0-cp312-cp312-manylinux_2_17_aarch64.manylinux2014_aarch64.whl", hash = "sha256:9c39f92041f490422924dfdb782527a4abddf4707616e07b021de33467f917bc"},
    {file = "scipy-1.12.0-cp312-cp312-manylinux_2_17_x86_64.manylinux2014_x86_64.whl", hash = "sha256:a7ebda398f86e56178c2fa94cad15bf457a218a54a35c2a7b4490b9f9cb2676c"},
    {file = "scipy-1.12.0-cp312-cp312-musllinux_1_1_x86_64.whl", hash = "sha256:95e5c750d55cf518c398a8240571b0e0782c2d5a703250872f36eaf737751338"},
    {file = "scipy-1.12.0-cp312-cp312-win_amd64.whl", hash = "sha256:e646d8571804a304e1da01040d21577685ce8e2db08ac58e543eaca063453e1c"},
    {file = "scipy-1.12.0.tar.gz", hash = "sha256:4bf5abab8a36d20193c698b0f1fc282c1d083c94723902c447e5d2f1780936a3"},
]

[[package]]
name = "tqdm"
version = "4.66.2"
requires_python = ">=3.7"
summary = "Fast, Extensible Progress Meter"
groups = ["default"]
dependencies = [
    "colorama; platform_system == \"Windows\"",
]
files = [
    {file = "tqdm-4.66.2-py3-none-any.whl", hash = "sha256:1ee4f8a893eb9bef51c6e35730cebf234d5d0b6bd112b0271e10ed7c24a02bd9"},
    {file = "tqdm-4.66.2.tar.gz", hash = "sha256:6cd52cdf0fef0e0f543299cfc96fec90d7b8a7e88745f411ec33eb44d5ed3531"},
]

[[package]]
name = "typing-extensions"
version = "4.10.0"
requires_python = ">=3.8"
summary = "Backported and Experimental Type Hints for Python 3.8+"
groups = ["compute"]
files = [
    {file = "typing_extensions-4.10.0-py3-none-any.whl", hash = "sha256:69b1a937c3a517342112fb4c6df7e72fc39a38e7891a5730ed4985b5214b5475"},
    {file = "typing_extensions-4.10.0.tar.gz", hash = "sha256:b0abd7c89e8fb96f98db18d86106ff1d90ab692004eb746cf6eda2682f91b3cb"},
]

[[package]]
name = "typish"
version = "1.9.3"
summary = "Functionality for types"
groups = ["compute"]
files = [
    {file = "typish-1.9.3-py3-none-any.whl", hash = "sha256:03cfee5e6eb856dbf90244e18f4e4c41044c8790d5779f4e775f63f982e2f896"},
]
